// !$*UTF8*$!
{
	archiveVersion = 1;
	classes = {
	};
	objectVersion = 46;
	objects = {

/* Begin PBXBuildFile section */
		085C06021A2855F200E0548F /* ConstellationViewController.m in Sources */ = {isa = PBXBuildFile; fileRef = 085C05FA1A2855F200E0548F /* ConstellationViewController.m */; };
		085C06031A2855F200E0548F /* ConstellationViewController.xib in Resources */ = {isa = PBXBuildFile; fileRef = 085C05FB1A2855F200E0548F /* ConstellationViewController.xib */; };
		085C06041A2855F200E0548F /* HomeViewController.m in Sources */ = {isa = PBXBuildFile; fileRef = 085C05FD1A2855F200E0548F /* HomeViewController.m */; };
		085C06051A2855F200E0548F /* HomeViewController.xib in Resources */ = {isa = PBXBuildFile; fileRef = 085C05FE1A2855F200E0548F /* HomeViewController.xib */; };
		085C060B1A285B8D00E0548F /* YouViewController.m in Sources */ = {isa = PBXBuildFile; fileRef = 085C06091A285B8D00E0548F /* YouViewController.m */; };
		085C060C1A285B8D00E0548F /* YouViewController.xib in Resources */ = {isa = PBXBuildFile; fileRef = 085C060A1A285B8D00E0548F /* YouViewController.xib */; };
		08A753041A24B2F700DDFF35 /* UserInfo.m in Sources */ = {isa = PBXBuildFile; fileRef = 08A753031A24B2F700DDFF35 /* UserInfo.m */; };
		08A753081A24BC1300DDFF35 /* XPCoreData.m in Sources */ = {isa = PBXBuildFile; fileRef = 08A753061A24BC1300DDFF35 /* XPCoreData.m */; };
		08A7530A1A24BF0D00DDFF35 /* CoreData.framework in Frameworks */ = {isa = PBXBuildFile; fileRef = 08A753091A24BF0D00DDFF35 /* CoreData.framework */; };
		08A7530C1A24BFBD00DDFF35 /* Foundation.framework in Frameworks */ = {isa = PBXBuildFile; fileRef = 08A7530B1A24BFBD00DDFF35 /* Foundation.framework */; };
		08A7530E1A24BFC700DDFF35 /* UIKit.framework in Frameworks */ = {isa = PBXBuildFile; fileRef = 08A7530D1A24BFC700DDFF35 /* UIKit.framework */; };
		F492B48D1A24A41100E9F38E /* main.m in Sources */ = {isa = PBXBuildFile; fileRef = F492B48C1A24A41100E9F38E /* main.m */; };
		F492B4901A24A41100E9F38E /* AppDelegate.m in Sources */ = {isa = PBXBuildFile; fileRef = F492B48F1A24A41100E9F38E /* AppDelegate.m */; };
		F492B4931A24A41100E9F38E /* youmitter.xcdatamodeld in Sources */ = {isa = PBXBuildFile; fileRef = F492B4911A24A41100E9F38E /* youmitter.xcdatamodeld */; };
		F492B4991A24A41100E9F38E /* Main.storyboard in Resources */ = {isa = PBXBuildFile; fileRef = F492B4971A24A41100E9F38E /* Main.storyboard */; };
		F492B49B1A24A41100E9F38E /* Images.xcassets in Resources */ = {isa = PBXBuildFile; fileRef = F492B49A1A24A41100E9F38E /* Images.xcassets */; };
		F492B49E1A24A41100E9F38E /* LaunchScreen.xib in Resources */ = {isa = PBXBuildFile; fileRef = F492B49C1A24A41100E9F38E /* LaunchScreen.xib */; };
		F492B4AA1A24A41100E9F38E /* youmitterTests.m in Sources */ = {isa = PBXBuildFile; fileRef = F492B4A91A24A41100E9F38E /* youmitterTests.m */; };
		F492B4BC1A24A9D000E9F38E /* LoginViewController.m in Sources */ = {isa = PBXBuildFile; fileRef = F492B4BB1A24A9D000E9F38E /* LoginViewController.m */; };
		F492B4C21A24ABDD00E9F38E /* LoginMapper.m in Sources */ = {isa = PBXBuildFile; fileRef = F492B4C11A24ABDD00E9F38E /* LoginMapper.m */; };
		F492B4C51A24AC0C00E9F38E /* LoginService.m in Sources */ = {isa = PBXBuildFile; fileRef = F492B4C41A24AC0C00E9F38E /* LoginService.m */; };
		F492B4C81A24ACD800E9F38E /* HTTPNetwork.m in Sources */ = {isa = PBXBuildFile; fileRef = F492B4C71A24ACD800E9F38E /* HTTPNetwork.m */; };
/* End PBXBuildFile section */

/* Begin PBXContainerItemProxy section */
		F492B4A41A24A41100E9F38E /* PBXContainerItemProxy */ = {
			isa = PBXContainerItemProxy;
			containerPortal = F492B47F1A24A41000E9F38E /* Project object */;
			proxyType = 1;
			remoteGlobalIDString = F492B4861A24A41100E9F38E;
			remoteInfo = youmitter;
		};
/* End PBXContainerItemProxy section */

/* Begin PBXFileReference section */
		085C05F91A2855F200E0548F /* ConstellationViewController.h */ = {isa = PBXFileReference; fileEncoding = 4; lastKnownFileType = sourcecode.c.h; path = ConstellationViewController.h; sourceTree = "<group>"; };
		085C05FA1A2855F200E0548F /* ConstellationViewController.m */ = {isa = PBXFileReference; fileEncoding = 4; lastKnownFileType = sourcecode.c.objc; path = ConstellationViewController.m; sourceTree = "<group>"; };
		085C05FB1A2855F200E0548F /* ConstellationViewController.xib */ = {isa = PBXFileReference; fileEncoding = 4; lastKnownFileType = file.xib; path = ConstellationViewController.xib; sourceTree = "<group>"; };
		085C05FC1A2855F200E0548F /* HomeViewController.h */ = {isa = PBXFileReference; fileEncoding = 4; lastKnownFileType = sourcecode.c.h; path = HomeViewController.h; sourceTree = "<group>"; };
		085C05FD1A2855F200E0548F /* HomeViewController.m */ = {isa = PBXFileReference; fileEncoding = 4; lastKnownFileType = sourcecode.c.objc; path = HomeViewController.m; sourceTree = "<group>"; };
		085C05FE1A2855F200E0548F /* HomeViewController.xib */ = {isa = PBXFileReference; fileEncoding = 4; lastKnownFileType = file.xib; path = HomeViewController.xib; sourceTree = "<group>"; };
		085C06081A285B8D00E0548F /* YouViewController.h */ = {isa = PBXFileReference; fileEncoding = 4; lastKnownFileType = sourcecode.c.h; path = YouViewController.h; sourceTree = "<group>"; };
		085C06091A285B8D00E0548F /* YouViewController.m */ = {isa = PBXFileReference; fileEncoding = 4; lastKnownFileType = sourcecode.c.objc; path = YouViewController.m; sourceTree = "<group>"; };
		085C060A1A285B8D00E0548F /* YouViewController.xib */ = {isa = PBXFileReference; fileEncoding = 4; lastKnownFileType = file.xib; path = YouViewController.xib; sourceTree = "<group>"; };
		08A753021A24B2F700DDFF35 /* UserInfo.h */ = {isa = PBXFileReference; fileEncoding = 4; lastKnownFileType = sourcecode.c.h; path = UserInfo.h; sourceTree = "<group>"; };
		08A753031A24B2F700DDFF35 /* UserInfo.m */ = {isa = PBXFileReference; fileEncoding = 4; lastKnownFileType = sourcecode.c.objc; path = UserInfo.m; sourceTree = "<group>"; };
		08A753061A24BC1300DDFF35 /* XPCoreData.m */ = {isa = PBXFileReference; fileEncoding = 4; lastKnownFileType = sourcecode.c.objc; path = XPCoreData.m; sourceTree = "<group>"; };
		08A753071A24BC1300DDFF35 /* XPCoreData.h */ = {isa = PBXFileReference; fileEncoding = 4; lastKnownFileType = sourcecode.c.h; path = XPCoreData.h; sourceTree = "<group>"; };
		08A753091A24BF0D00DDFF35 /* CoreData.framework */ = {isa = PBXFileReference; lastKnownFileType = wrapper.framework; name = CoreData.framework; path = System/Library/Frameworks/CoreData.framework; sourceTree = SDKROOT; };
		08A7530B1A24BFBD00DDFF35 /* Foundation.framework */ = {isa = PBXFileReference; lastKnownFileType = wrapper.framework; name = Foundation.framework; path = System/Library/Frameworks/Foundation.framework; sourceTree = SDKROOT; };
		08A7530D1A24BFC700DDFF35 /* UIKit.framework */ = {isa = PBXFileReference; lastKnownFileType = wrapper.framework; name = UIKit.framework; path = System/Library/Frameworks/UIKit.framework; sourceTree = SDKROOT; };
		08A7530F1A25BFCA00DDFF35 /* Constants.h */ = {isa = PBXFileReference; lastKnownFileType = sourcecode.c.h; path = Constants.h; sourceTree = "<group>"; };
		F492B4871A24A41100E9F38E /* youmitter.app */ = {isa = PBXFileReference; explicitFileType = wrapper.application; includeInIndex = 0; path = youmitter.app; sourceTree = BUILT_PRODUCTS_DIR; };
		F492B48B1A24A41100E9F38E /* Info.plist */ = {isa = PBXFileReference; lastKnownFileType = text.plist.xml; path = Info.plist; sourceTree = "<group>"; };
		F492B48C1A24A41100E9F38E /* main.m */ = {isa = PBXFileReference; lastKnownFileType = sourcecode.c.objc; path = main.m; sourceTree = "<group>"; };
		F492B48E1A24A41100E9F38E /* AppDelegate.h */ = {isa = PBXFileReference; lastKnownFileType = sourcecode.c.h; path = AppDelegate.h; sourceTree = "<group>"; };
		F492B48F1A24A41100E9F38E /* AppDelegate.m */ = {isa = PBXFileReference; lastKnownFileType = sourcecode.c.objc; path = AppDelegate.m; sourceTree = "<group>"; };
		F492B4921A24A41100E9F38E /* youmitter.xcdatamodel */ = {isa = PBXFileReference; lastKnownFileType = wrapper.xcdatamodel; path = youmitter.xcdatamodel; sourceTree = "<group>"; };
		F492B4981A24A41100E9F38E /* Base */ = {isa = PBXFileReference; lastKnownFileType = file.storyboard; name = Base; path = Base.lproj/Main.storyboard; sourceTree = "<group>"; };
		F492B49A1A24A41100E9F38E /* Images.xcassets */ = {isa = PBXFileReference; lastKnownFileType = folder.assetcatalog; path = Images.xcassets; sourceTree = "<group>"; };
		F492B49D1A24A41100E9F38E /* Base */ = {isa = PBXFileReference; lastKnownFileType = file.xib; name = Base; path = Base.lproj/LaunchScreen.xib; sourceTree = "<group>"; };
		F492B4A31A24A41100E9F38E /* youmitterTests.xctest */ = {isa = PBXFileReference; explicitFileType = wrapper.cfbundle; includeInIndex = 0; path = youmitterTests.xctest; sourceTree = BUILT_PRODUCTS_DIR; };
		F492B4A81A24A41100E9F38E /* Info.plist */ = {isa = PBXFileReference; lastKnownFileType = text.plist.xml; path = Info.plist; sourceTree = "<group>"; };
		F492B4A91A24A41100E9F38E /* youmitterTests.m */ = {isa = PBXFileReference; lastKnownFileType = sourcecode.c.objc; path = youmitterTests.m; sourceTree = "<group>"; };
		F492B4BA1A24A9D000E9F38E /* LoginViewController.h */ = {isa = PBXFileReference; fileEncoding = 4; lastKnownFileType = sourcecode.c.h; path = LoginViewController.h; sourceTree = "<group>"; };
		F492B4BB1A24A9D000E9F38E /* LoginViewController.m */ = {isa = PBXFileReference; fileEncoding = 4; lastKnownFileType = sourcecode.c.objc; path = LoginViewController.m; sourceTree = "<group>"; };
		F492B4C01A24ABDD00E9F38E /* LoginMapper.h */ = {isa = PBXFileReference; fileEncoding = 4; lastKnownFileType = sourcecode.c.h; path = LoginMapper.h; sourceTree = "<group>"; };
		F492B4C11A24ABDD00E9F38E /* LoginMapper.m */ = {isa = PBXFileReference; fileEncoding = 4; lastKnownFileType = sourcecode.c.objc; path = LoginMapper.m; sourceTree = "<group>"; };
		F492B4C31A24AC0C00E9F38E /* LoginService.h */ = {isa = PBXFileReference; fileEncoding = 4; lastKnownFileType = sourcecode.c.h; path = LoginService.h; sourceTree = "<group>"; };
		F492B4C41A24AC0C00E9F38E /* LoginService.m */ = {isa = PBXFileReference; fileEncoding = 4; lastKnownFileType = sourcecode.c.objc; path = LoginService.m; sourceTree = "<group>"; };
		F492B4C61A24ACD800E9F38E /* HTTPNetwork.h */ = {isa = PBXFileReference; fileEncoding = 4; lastKnownFileType = sourcecode.c.h; path = HTTPNetwork.h; sourceTree = "<group>"; };
		F492B4C71A24ACD800E9F38E /* HTTPNetwork.m */ = {isa = PBXFileReference; fileEncoding = 4; lastKnownFileType = sourcecode.c.objc; path = HTTPNetwork.m; sourceTree = "<group>"; };
/* End PBXFileReference section */

/* Begin PBXFrameworksBuildPhase section */
		F492B4841A24A41100E9F38E /* Frameworks */ = {
			isa = PBXFrameworksBuildPhase;
			buildActionMask = 2147483647;
			files = (
				08A7530E1A24BFC700DDFF35 /* UIKit.framework in Frameworks */,
				08A7530C1A24BFBD00DDFF35 /* Foundation.framework in Frameworks */,
				08A7530A1A24BF0D00DDFF35 /* CoreData.framework in Frameworks */,
			);
			runOnlyForDeploymentPostprocessing = 0;
		};
		F492B4A01A24A41100E9F38E /* Frameworks */ = {
			isa = PBXFrameworksBuildPhase;
			buildActionMask = 2147483647;
			files = (
			);
			runOnlyForDeploymentPostprocessing = 0;
		};
/* End PBXFrameworksBuildPhase section */

/* Begin PBXGroup section */
		085C060D1A285C2D00E0548F /* Login */ = {
			isa = PBXGroup;
			children = (
				F492B4971A24A41100E9F38E /* Main.storyboard */,
				F492B4BA1A24A9D000E9F38E /* LoginViewController.h */,
				F492B4BB1A24A9D000E9F38E /* LoginViewController.m */,
			);
			name = Login;
			sourceTree = "<group>";
		};
		085C060E1A285C5400E0548F /* Constellation */ = {
			isa = PBXGroup;
			children = (
				085C05F91A2855F200E0548F /* ConstellationViewController.h */,
				085C05FA1A2855F200E0548F /* ConstellationViewController.m */,
				085C05FB1A2855F200E0548F /* ConstellationViewController.xib */,
			);
			name = Constellation;
			sourceTree = "<group>";
		};
		085C060F1A285C5F00E0548F /* You */ = {
			isa = PBXGroup;
			children = (
				085C06081A285B8D00E0548F /* YouViewController.h */,
				085C06091A285B8D00E0548F /* YouViewController.m */,
				085C060A1A285B8D00E0548F /* YouViewController.xib */,
			);
			name = You;
			sourceTree = "<group>";
		};
		085C06101A285C8500E0548F /* Universe */ = {
			isa = PBXGroup;
			children = (
				085C05FC1A2855F200E0548F /* HomeViewController.h */,
				085C05FD1A2855F200E0548F /* HomeViewController.m */,
				085C05FE1A2855F200E0548F /* HomeViewController.xib */,
			);
			name = Universe;
			sourceTree = "<group>";
		};
		08A752FE1A24B2B100DDFF35 /* Model */ = {
			isa = PBXGroup;
			children = (
				08A753021A24B2F700DDFF35 /* UserInfo.h */,
				08A753031A24B2F700DDFF35 /* UserInfo.m */,
			);
			name = Model;
			sourceTree = "<group>";
		};
		08A753051A24BB9300DDFF35 /* Utilities */ = {
			isa = PBXGroup;
			children = (
				08A753071A24BC1300DDFF35 /* XPCoreData.h */,
				08A753061A24BC1300DDFF35 /* XPCoreData.m */,
				08A7530F1A25BFCA00DDFF35 /* Constants.h */,
			);
			name = Utilities;
			sourceTree = "<group>";
		};
		F492B47E1A24A41000E9F38E = {
			isa = PBXGroup;
			children = (
				08A7530D1A24BFC700DDFF35 /* UIKit.framework */,
				08A7530B1A24BFBD00DDFF35 /* Foundation.framework */,
				08A753091A24BF0D00DDFF35 /* CoreData.framework */,
				F492B4891A24A41100E9F38E /* youmitter */,
				F492B4A61A24A41100E9F38E /* youmitterTests */,
				F492B4881A24A41100E9F38E /* Products */,
			);
			sourceTree = "<group>";
		};
		F492B4881A24A41100E9F38E /* Products */ = {
			isa = PBXGroup;
			children = (
				F492B4871A24A41100E9F38E /* youmitter.app */,
				F492B4A31A24A41100E9F38E /* youmitterTests.xctest */,
			);
			name = Products;
			sourceTree = "<group>";
		};
		F492B4891A24A41100E9F38E /* youmitter */ = {
			isa = PBXGroup;
			children = (
				08A753051A24BB9300DDFF35 /* Utilities */,
				08A752FE1A24B2B100DDFF35 /* Model */,
				F492B4B61A24A50400E9F38E /* HTTP */,
				F492B4B51A24A4FA00E9F38E /* Mapper */,
				F492B4B41A24A4DF00E9F38E /* Service */,
				F492B4B31A24A4C200E9F38E /* View */,
				F492B48E1A24A41100E9F38E /* AppDelegate.h */,
				F492B48F1A24A41100E9F38E /* AppDelegate.m */,
				F492B49A1A24A41100E9F38E /* Images.xcassets */,
				F492B49C1A24A41100E9F38E /* LaunchScreen.xib */,
				F492B4911A24A41100E9F38E /* youmitter.xcdatamodeld */,
				F492B48A1A24A41100E9F38E /* Supporting Files */,
			);
			path = youmitter;
			sourceTree = "<group>";
		};
		F492B48A1A24A41100E9F38E /* Supporting Files */ = {
			isa = PBXGroup;
			children = (
				F492B48B1A24A41100E9F38E /* Info.plist */,
				F492B48C1A24A41100E9F38E /* main.m */,
			);
			name = "Supporting Files";
			sourceTree = "<group>";
		};
		F492B4A61A24A41100E9F38E /* youmitterTests */ = {
			isa = PBXGroup;
			children = (
				F492B4A91A24A41100E9F38E /* youmitterTests.m */,
				F492B4A71A24A41100E9F38E /* Supporting Files */,
			);
			path = youmitterTests;
			sourceTree = "<group>";
		};
		F492B4A71A24A41100E9F38E /* Supporting Files */ = {
			isa = PBXGroup;
			children = (
				F492B4A81A24A41100E9F38E /* Info.plist */,
			);
			name = "Supporting Files";
			sourceTree = "<group>";
		};
		F492B4B31A24A4C200E9F38E /* View */ = {
			isa = PBXGroup;
			children = (
				085C06101A285C8500E0548F /* Universe */,
				085C060F1A285C5F00E0548F /* You */,
				085C060E1A285C5400E0548F /* Constellation */,
				085C060D1A285C2D00E0548F /* Login */,
			);
			name = View;
			sourceTree = "<group>";
		};
		F492B4B41A24A4DF00E9F38E /* Service */ = {
			isa = PBXGroup;
			children = (
				F492B4C31A24AC0C00E9F38E /* LoginService.h */,
				F492B4C41A24AC0C00E9F38E /* LoginService.m */,
			);
			name = Service;
			sourceTree = "<group>";
		};
		F492B4B51A24A4FA00E9F38E /* Mapper */ = {
			isa = PBXGroup;
			children = (
				F492B4C01A24ABDD00E9F38E /* LoginMapper.h */,
				F492B4C11A24ABDD00E9F38E /* LoginMapper.m */,
			);
			name = Mapper;
			sourceTree = "<group>";
		};
		F492B4B61A24A50400E9F38E /* HTTP */ = {
			isa = PBXGroup;
			children = (
				F492B4C61A24ACD800E9F38E /* HTTPNetwork.h */,
				F492B4C71A24ACD800E9F38E /* HTTPNetwork.m */,
			);
			name = HTTP;
			sourceTree = "<group>";
		};
/* End PBXGroup section */

/* Begin PBXNativeTarget section */
		F492B4861A24A41100E9F38E /* youmitter */ = {
			isa = PBXNativeTarget;
			buildConfigurationList = F492B4AD1A24A41100E9F38E /* Build configuration list for PBXNativeTarget "youmitter" */;
			buildPhases = (
				F492B4831A24A41100E9F38E /* Sources */,
				F492B4841A24A41100E9F38E /* Frameworks */,
				F492B4851A24A41100E9F38E /* Resources */,
			);
			buildRules = (
			);
			dependencies = (
			);
			name = youmitter;
			productName = youmitter;
			productReference = F492B4871A24A41100E9F38E /* youmitter.app */;
			productType = "com.apple.product-type.application";
		};
		F492B4A21A24A41100E9F38E /* youmitterTests */ = {
			isa = PBXNativeTarget;
			buildConfigurationList = F492B4B01A24A41100E9F38E /* Build configuration list for PBXNativeTarget "youmitterTests" */;
			buildPhases = (
				F492B49F1A24A41100E9F38E /* Sources */,
				F492B4A01A24A41100E9F38E /* Frameworks */,
				F492B4A11A24A41100E9F38E /* Resources */,
			);
			buildRules = (
			);
			dependencies = (
				F492B4A51A24A41100E9F38E /* PBXTargetDependency */,
			);
			name = youmitterTests;
			productName = youmitterTests;
			productReference = F492B4A31A24A41100E9F38E /* youmitterTests.xctest */;
			productType = "com.apple.product-type.bundle.unit-test";
		};
/* End PBXNativeTarget section */

/* Begin PBXProject section */
		F492B47F1A24A41000E9F38E /* Project object */ = {
			isa = PBXProject;
			attributes = {
				LastUpgradeCheck = 0610;
				ORGANIZATIONNAME = "Ruby Software";
				TargetAttributes = {
					F492B4861A24A41100E9F38E = {
						CreatedOnToolsVersion = 6.1;
					};
					F492B4A21A24A41100E9F38E = {
						CreatedOnToolsVersion = 6.1;
						TestTargetID = F492B4861A24A41100E9F38E;
					};
				};
			};
			buildConfigurationList = F492B4821A24A41000E9F38E /* Build configuration list for PBXProject "youmitter" */;
			compatibilityVersion = "Xcode 3.2";
			developmentRegion = English;
			hasScannedForEncodings = 0;
			knownRegions = (
				en,
				Base,
			);
			mainGroup = F492B47E1A24A41000E9F38E;
			productRefGroup = F492B4881A24A41100E9F38E /* Products */;
			projectDirPath = "";
			projectRoot = "";
			targets = (
				F492B4861A24A41100E9F38E /* youmitter */,
				F492B4A21A24A41100E9F38E /* youmitterTests */,
			);
		};
/* End PBXProject section */

/* Begin PBXResourcesBuildPhase section */
		F492B4851A24A41100E9F38E /* Resources */ = {
			isa = PBXResourcesBuildPhase;
			buildActionMask = 2147483647;
			files = (
				F492B4991A24A41100E9F38E /* Main.storyboard in Resources */,
				F492B49E1A24A41100E9F38E /* LaunchScreen.xib in Resources */,
				085C060C1A285B8D00E0548F /* YouViewController.xib in Resources */,
				085C06051A2855F200E0548F /* HomeViewController.xib in Resources */,
				085C06031A2855F200E0548F /* ConstellationViewController.xib in Resources */,
				F492B49B1A24A41100E9F38E /* Images.xcassets in Resources */,
			);
			runOnlyForDeploymentPostprocessing = 0;
		};
		F492B4A11A24A41100E9F38E /* Resources */ = {
			isa = PBXResourcesBuildPhase;
			buildActionMask = 2147483647;
			files = (
			);
			runOnlyForDeploymentPostprocessing = 0;
		};
/* End PBXResourcesBuildPhase section */

/* Begin PBXSourcesBuildPhase section */
		F492B4831A24A41100E9F38E /* Sources */ = {
			isa = PBXSourcesBuildPhase;
			buildActionMask = 2147483647;
			files = (
				085C060B1A285B8D00E0548F /* YouViewController.m in Sources */,
				F492B4901A24A41100E9F38E /* AppDelegate.m in Sources */,
				08A753041A24B2F700DDFF35 /* UserInfo.m in Sources */,
				F492B48D1A24A41100E9F38E /* main.m in Sources */,
				085C06021A2855F200E0548F /* ConstellationViewController.m in Sources */,
				F492B4C81A24ACD800E9F38E /* HTTPNetwork.m in Sources */,
				F492B4C51A24AC0C00E9F38E /* LoginService.m in Sources */,
				F492B4931A24A41100E9F38E /* youmitter.xcdatamodeld in Sources */,
				F492B4BC1A24A9D000E9F38E /* LoginViewController.m in Sources */,
				08A753081A24BC1300DDFF35 /* XPCoreData.m in Sources */,
				F492B4C21A24ABDD00E9F38E /* LoginMapper.m in Sources */,
				085C06041A2855F200E0548F /* HomeViewController.m in Sources */,
			);
			runOnlyForDeploymentPostprocessing = 0;
		};
		F492B49F1A24A41100E9F38E /* Sources */ = {
			isa = PBXSourcesBuildPhase;
			buildActionMask = 2147483647;
			files = (
				F492B4AA1A24A41100E9F38E /* youmitterTests.m in Sources */,
			);
			runOnlyForDeploymentPostprocessing = 0;
		};
/* End PBXSourcesBuildPhase section */

/* Begin PBXTargetDependency section */
		F492B4A51A24A41100E9F38E /* PBXTargetDependency */ = {
			isa = PBXTargetDependency;
			target = F492B4861A24A41100E9F38E /* youmitter */;
			targetProxy = F492B4A41A24A41100E9F38E /* PBXContainerItemProxy */;
		};
/* End PBXTargetDependency section */

/* Begin PBXVariantGroup section */
		F492B4971A24A41100E9F38E /* Main.storyboard */ = {
			isa = PBXVariantGroup;
			children = (
				F492B4981A24A41100E9F38E /* Base */,
			);
			name = Main.storyboard;
			sourceTree = "<group>";
		};
		F492B49C1A24A41100E9F38E /* LaunchScreen.xib */ = {
			isa = PBXVariantGroup;
			children = (
				F492B49D1A24A41100E9F38E /* Base */,
			);
			name = LaunchScreen.xib;
			sourceTree = "<group>";
		};
/* End PBXVariantGroup section */

/* Begin XCBuildConfiguration section */
		F492B4AB1A24A41100E9F38E /* Debug */ = {
			isa = XCBuildConfiguration;
			buildSettings = {
				ALWAYS_SEARCH_USER_PATHS = NO;
				CLANG_CXX_LANGUAGE_STANDARD = "gnu++0x";
				CLANG_CXX_LIBRARY = "libc++";
				CLANG_ENABLE_MODULES = YES;
				CLANG_ENABLE_OBJC_ARC = YES;
				CLANG_WARN_BOOL_CONVERSION = YES;
				CLANG_WARN_CONSTANT_CONVERSION = YES;
				CLANG_WARN_DIRECT_OBJC_ISA_USAGE = YES_ERROR;
				CLANG_WARN_EMPTY_BODY = YES;
				CLANG_WARN_ENUM_CONVERSION = YES;
				CLANG_WARN_INT_CONVERSION = YES;
				CLANG_WARN_OBJC_ROOT_CLASS = YES_ERROR;
				CLANG_WARN_UNREACHABLE_CODE = YES;
				CLANG_WARN__DUPLICATE_METHOD_MATCH = YES;
				"CODE_SIGN_IDENTITY[sdk=iphoneos*]" = "iPhone Developer";
				COPY_PHASE_STRIP = NO;
				ENABLE_STRICT_OBJC_MSGSEND = YES;
				GCC_C_LANGUAGE_STANDARD = gnu99;
				GCC_DYNAMIC_NO_PIC = NO;
				GCC_OPTIMIZATION_LEVEL = 0;
				GCC_PREPROCESSOR_DEFINITIONS = (
					"DEBUG=1",
					"$(inherited)",
				);
				GCC_SYMBOLS_PRIVATE_EXTERN = NO;
				GCC_WARN_64_TO_32_BIT_CONVERSION = YES;
				GCC_WARN_ABOUT_RETURN_TYPE = YES_ERROR;
				GCC_WARN_UNDECLARED_SELECTOR = YES;
				GCC_WARN_UNINITIALIZED_AUTOS = YES_AGGRESSIVE;
				GCC_WARN_UNUSED_FUNCTION = YES;
				GCC_WARN_UNUSED_VARIABLE = YES;
				IPHONEOS_DEPLOYMENT_TARGET = 8.1;
				MTL_ENABLE_DEBUG_INFO = YES;
				ONLY_ACTIVE_ARCH = YES;
				SDKROOT = iphoneos;
				TARGETED_DEVICE_FAMILY = "1,2";
			};
			name = Debug;
		};
		F492B4AC1A24A41100E9F38E /* Release */ = {
			isa = XCBuildConfiguration;
			buildSettings = {
				ALWAYS_SEARCH_USER_PATHS = NO;
				CLANG_CXX_LANGUAGE_STANDARD = "gnu++0x";
				CLANG_CXX_LIBRARY = "libc++";
				CLANG_ENABLE_MODULES = YES;
				CLANG_ENABLE_OBJC_ARC = YES;
				CLANG_WARN_BOOL_CONVERSION = YES;
				CLANG_WARN_CONSTANT_CONVERSION = YES;
				CLANG_WARN_DIRECT_OBJC_ISA_USAGE = YES_ERROR;
				CLANG_WARN_EMPTY_BODY = YES;
				CLANG_WARN_ENUM_CONVERSION = YES;
				CLANG_WARN_INT_CONVERSION = YES;
				CLANG_WARN_OBJC_ROOT_CLASS = YES_ERROR;
				CLANG_WARN_UNREACHABLE_CODE = YES;
				CLANG_WARN__DUPLICATE_METHOD_MATCH = YES;
				"CODE_SIGN_IDENTITY[sdk=iphoneos*]" = "iPhone Developer";
				COPY_PHASE_STRIP = YES;
				ENABLE_NS_ASSERTIONS = NO;
				ENABLE_STRICT_OBJC_MSGSEND = YES;
				GCC_C_LANGUAGE_STANDARD = gnu99;
				GCC_WARN_64_TO_32_BIT_CONVERSION = YES;
				GCC_WARN_ABOUT_RETURN_TYPE = YES_ERROR;
				GCC_WARN_UNDECLARED_SELECTOR = YES;
				GCC_WARN_UNINITIALIZED_AUTOS = YES_AGGRESSIVE;
				GCC_WARN_UNUSED_FUNCTION = YES;
				GCC_WARN_UNUSED_VARIABLE = YES;
				IPHONEOS_DEPLOYMENT_TARGET = 8.1;
				MTL_ENABLE_DEBUG_INFO = NO;
				SDKROOT = iphoneos;
				TARGETED_DEVICE_FAMILY = "1,2";
				VALIDATE_PRODUCT = YES;
			};
			name = Release;
		};
		F492B4AE1A24A41100E9F38E /* Debug */ = {
			isa = XCBuildConfiguration;
			buildSettings = {
				ASSETCATALOG_COMPILER_APPICON_NAME = AppIcon;
				INFOPLIST_FILE = youmitter/Info.plist;
				LD_RUNPATH_SEARCH_PATHS = "$(inherited) @executable_path/Frameworks";
				PRODUCT_NAME = "$(TARGET_NAME)";
			};
			name = Debug;
		};
		F492B4AF1A24A41100E9F38E /* Release */ = {
			isa = XCBuildConfiguration;
			buildSettings = {
				ASSETCATALOG_COMPILER_APPICON_NAME = AppIcon;
				INFOPLIST_FILE = youmitter/Info.plist;
				LD_RUNPATH_SEARCH_PATHS = "$(inherited) @executable_path/Frameworks";
				PRODUCT_NAME = "$(TARGET_NAME)";
			};
			name = Release;
		};
		F492B4B11A24A41100E9F38E /* Debug */ = {
			isa = XCBuildConfiguration;
			buildSettings = {
				BUNDLE_LOADER = "$(TEST_HOST)";
				FRAMEWORK_SEARCH_PATHS = (
					"$(SDKROOT)/Developer/Library/Frameworks",
					"$(inherited)",
				);
				GCC_PREPROCESSOR_DEFINITIONS = (
					"DEBUG=1",
					"$(inherited)",
				);
				INFOPLIST_FILE = youmitterTests/Info.plist;
				LD_RUNPATH_SEARCH_PATHS = "$(inherited) @executable_path/Frameworks @loader_path/Frameworks";
				PRODUCT_NAME = "$(TARGET_NAME)";
				TEST_HOST = "$(BUILT_PRODUCTS_DIR)/youmitter.app/youmitter";
			};
			name = Debug;
		};
		F492B4B21A24A41100E9F38E /* Release */ = {
			isa = XCBuildConfiguration;
			buildSettings = {
				BUNDLE_LOADER = "$(TEST_HOST)";
				FRAMEWORK_SEARCH_PATHS = (
					"$(SDKROOT)/Developer/Library/Frameworks",
					"$(inherited)",
				);
				INFOPLIST_FILE = youmitterTests/Info.plist;
				LD_RUNPATH_SEARCH_PATHS = "$(inherited) @executable_path/Frameworks @loader_path/Frameworks";
				PRODUCT_NAME = "$(TARGET_NAME)";
				TEST_HOST = "$(BUILT_PRODUCTS_DIR)/youmitter.app/youmitter";
			};
			name = Release;
		};
/* End XCBuildConfiguration section */

/* Begin XCConfigurationList section */
		F492B4821A24A41000E9F38E /* Build configuration list for PBXProject "youmitter" */ = {
			isa = XCConfigurationList;
			buildConfigurations = (
				F492B4AB1A24A41100E9F38E /* Debug */,
				F492B4AC1A24A41100E9F38E /* Release */,
			);
			defaultConfigurationIsVisible = 0;
			defaultConfigurationName = Release;
		};
		F492B4AD1A24A41100E9F38E /* Build configuration list for PBXNativeTarget "youmitter" */ = {
			isa = XCConfigurationList;
			buildConfigurations = (
				F492B4AE1A24A41100E9F38E /* Debug */,
				F492B4AF1A24A41100E9F38E /* Release */,
			);
			defaultConfigurationIsVisible = 0;
			defaultConfigurationName = Release;
		};
		F492B4B01A24A41100E9F38E /* Build configuration list for PBXNativeTarget "youmitterTests" */ = {
			isa = XCConfigurationList;
			buildConfigurations = (
				F492B4B11A24A41100E9F38E /* Debug */,
				F492B4B21A24A41100E9F38E /* Release */,
			);
			defaultConfigurationIsVisible = 0;
			defaultConfigurationName = Release;
		};
/* End XCConfigurationList section */

/* Begin XCVersionGroup section */
		F492B4911A24A41100E9F38E /* youmitter.xcdatamodeld */ = {
			isa = XCVersionGroup;
			children = (
				F492B4921A24A41100E9F38E /* youmitter.xcdatamodel */,
			);
			currentVersion = F492B4921A24A41100E9F38E /* youmitter.xcdatamodel */;
			path = youmitter.xcdatamodeld;
			sourceTree = "<group>";
			versionGroupType = wrapper.xcdatamodel;
		};
/* End XCVersionGroup section */
	};
	rootObject = F492B47F1A24A41000E9F38E /* Project object */;
}
